{
  "name": "nti-test-jenkins ",
  "version": "2.1.8-alpha",
  "lockfileVersion": 1,
  "requires": true,
  "dependencies": {
    "nti-web-oubound-scholarship": {
      "version": "1.5.0",
      "resolved": "https://npm.nextthought.com/nti-web-oubound-scholarship/-/nti-web-oubound-scholarship-1.5.0.tgz",
      "integrity": "sha1-aBvEETcTc83xBnxXTIcaRQd5ETc="
    }
  }
}
